
Microsoft Visual Studio Solution File, Format Version 12.00
# Visual Studio 15
VisualStudioVersion = 15.0.27703.2000
MinimumVisualStudioVersion = 10.0.40219.1
Project("{FAE04EC0-301F-11D3-BF4B-00C04F79EFBC}") = "WpfApp2", "WpfApp2\WpfApp2.csproj", "{BDB878C8-A161-4FF5-97E2-12793F583FDE}"
EndProject
Global
	GlobalSection(SolutionConfigurationPlatforms) = preSolution
		Debug|Any CPU = Debug|Any CPU
		Release|Any CPU = Release|Any CPU
	EndGlobalSection
	GlobalSection(ProjectConfigurationPlatforms) = postSolution
		{BDB878C8-A161-4FF5-97E2-12793F583FDE}.Debug|Any CPU.ActiveCfg = Debug|Any CPU
		{BDB878C8-A161-4FF5-97E2-12793F583FDE}.Debug|Any CPU.Build.0 = Debug|Any CPU
		{BDB878C8-A161-4FF5-97E2-12793F583FDE}.Release|Any CPU.ActiveCfg = Release|Any CPU
		{BDB878C8-A161-4FF5-97E2-12793F583FDE}.Release|Any CPU.Build.0 = Release|Any CPU
	EndGlobalSection
	GlobalSection(SolutionProperties) = preSolution
		HideSolutionNode = FALSE
	EndGlobalSection
	GlobalSection(ExtensibilityGlobals) = postSolution
		SolutionGuid = {9438E89B-46B5-46D9-B8E3-C04E8813C0DE}
	EndGlobalSection
EndGlobal
